
Microsoft Visual Studio Solution File, Format Version 12.00
# Visual Studio 15
VisualStudioVersion = 15.0.28307.168
MinimumVisualStudioVersion = 10.0.40219.1
Project("{8BC9CEB8-8B4A-11D0-8D11-00A0C91BC942}") = "DSA_Lab4", "DSA_Lab4\DSA_Lab4.vcxproj", "{BDDBECD4-6A35-46BF-8DBE-38C400169124}"
EndProject
Global
	GlobalSection(SolutionConfigurationPlatforms) = preSolution
		Debug|x64 = Debug|x64
		Debug|x86 = Debug|x86
		Release|x64 = Release|x64
		Release|x86 = Release|x86
	EndGlobalSection
	GlobalSection(ProjectConfigurationPlatforms) = postSolution
		{BDDBECD4-6A35-46BF-8DBE-38C400169124}.Debug|x64.ActiveCfg = Debug|x64
		{BDDBECD4-6A35-46BF-8DBE-38C400169124}.Debug|x64.Build.0 = Debug|x64
		{BDDBECD4-6A35-46BF-8DBE-38C400169124}.Debug|x86.ActiveCfg = Debug|Win32
		{BDDBECD4-6A35-46BF-8DBE-38C400169124}.Debug|x86.Build.0 = Debug|Win32
		{BDDBECD4-6A35-46BF-8DBE-38C400169124}.Release|x64.ActiveCfg = Release|x64
		{BDDBECD4-6A35-46BF-8DBE-38C400169124}.Release|x64.Build.0 = Release|x64
		{BDDBECD4-6A35-46BF-8DBE-38C400169124}.Release|x86.ActiveCfg = Release|Win32
		{BDDBECD4-6A35-46BF-8DBE-38C400169124}.Release|x86.Build.0 = Release|Win32
	EndGlobalSection
	GlobalSection(SolutionProperties) = preSolution
		HideSolutionNode = FALSE
	EndGlobalSection
	GlobalSection(ExtensibilityGlobals) = postSolution
		SolutionGuid = {AB615981-A02F-4F21-B438-32D8BF66A73D}
	EndGlobalSection
EndGlobal
